#MicroXplorer Configuration settings - do not modify
CortexM33NS.IPs=DMA,FREERTOS\:I,GTZC_NS\:I,NVIC2\:I,PWR,RCC,RTC,SYS\:I,TAMP,TIM1\:I
CortexM33S.IPs=DMA\:I,GTZC_S\:I,NVIC1\:I,PWR\:I,RCC\:I,RTC\:I,SYS_S\:I,TAMP\:I,LPUART1\:I,TIM3\:I,HASH\:I
File.Version=6
GTZC_S.HASH_Secure=GTZC_TZSC_PERIPH_SEC
GTZC_S.IPParameters=LPUART1_Secure,TIM3_Secure,HASH_Secure
GTZC_S.LPUART1_Secure=GTZC_TZSC_PERIPH_SEC
GTZC_S.TIM3_Secure=GTZC_TZSC_PERIPH_SEC
KeepUserPlacement=false
Mcu.CPN=STM32L552ZET6Q
Mcu.Context0=CortexM33S
Mcu.Context1=CortexM33NS
Mcu.ContextNb=2
Mcu.ContextProject=TrustZoneEnabled
Mcu.Family=STM32L5
Mcu.IP0=GTZC_S
Mcu.IP1=HASH
Mcu.IP10=TIM3
Mcu.IP2=LPUART1
Mcu.IP3=NVIC2
Mcu.IP4=NVIC1
Mcu.IP5=PWR
Mcu.IP6=RCC
Mcu.IP7=SYS
Mcu.IP8=SYS_S
Mcu.IP9=TIM1
Mcu.IPNb=11
Mcu.Name=STM32L552Z(C-E)TxQ
Mcu.Package=LQFP144
Mcu.Pin0=PC0
Mcu.Pin1=PC1
Mcu.Pin10=VP_TIM3_VS_ClockSourceITR
Mcu.Pin2=VP_GTZC_S_VS_GTZC_Enable
Mcu.Pin3=VP_HASH_VS_HASH
Mcu.Pin4=VP_PWR_VS_DBSignals
Mcu.Pin5=VP_PWR_VS_SECSignals
Mcu.Pin6=VP_SYS_VS_Systick
Mcu.Pin7=VP_SYS_S_VS_Systick
Mcu.Pin8=VP_TIM1_VS_ClockSourceINT
Mcu.Pin9=VP_TIM3_VS_ControllerModeClock
Mcu.PinsNb=11
Mcu.ThirdPartyNb=0
Mcu.UserConstants=
Mcu.UserName=STM32L552ZETxQ
MxCube.Version=6.5.0
MxDb.Version=DB.6.0.50
NVIC1.BFHFNMINS=0
NVIC1.BusFault_IRQn=true\:0\:0\:false\:false\:true\:false\:false\:true
NVIC1.DebugMonitor_IRQn=true\:0\:0\:false\:false\:true\:false\:false\:true
NVIC1.ForceEnableDMAVector=true
NVIC1.HardFault_IRQn=true\:0\:0\:false\:false\:true\:false\:false\:true
NVIC1.MemoryManagement_IRQn=true\:0\:0\:false\:false\:true\:false\:false\:true
NVIC1.NonMaskableInt_IRQn=true\:0\:0\:false\:false\:true\:false\:false\:true
NVIC1.PRIS=0
NVIC1.PendSV_IRQn=true\:0\:0\:false\:false\:true\:false\:false\:true
NVIC1.PriorityGroup=NVIC_PRIORITYGROUP_3
NVIC1.SVCall_IRQn=true\:0\:0\:false\:false\:true\:false\:false\:true
NVIC1.SecureFault_IRQn=true\:0\:0\:false\:false\:true\:false\:false\:true
NVIC1.SysTick_IRQn=true\:7\:0\:false\:false\:true\:false\:true\:true
NVIC1.UsageFault_IRQn=true\:0\:0\:false\:false\:true\:false\:false\:true
NVIC2.BFHFNMINS=0
NVIC2.ForceEnableDMAVector=true
NVIC2.MemoryManagement_IRQn=true\:0\:0\:false\:false\:true\:false\:false\:true
NVIC2.PRIS=0
NVIC2.PendSV_IRQn=true\:0\:0\:false\:false\:true\:false\:false\:true
NVIC2.PriorityGroup=NVIC_PRIORITYGROUP_3
NVIC2.SVCall_IRQn=true\:0\:0\:false\:false\:true\:false\:false\:true
NVIC2.SysTick_IRQn=true\:7\:0\:false\:false\:true\:false\:true\:true
NVIC2.UsageFault_IRQn=true\:0\:0\:false\:false\:true\:false\:false\:true
PC0.GPIOParameters=PinAttribute
PC0.Mode=Asynchronous
PC0.PinAttribute=CortexM33S
PC0.Signal=LPUART1_RX
PC1.GPIOParameters=PinAttribute
PC1.Mode=Asynchronous
PC1.PinAttribute=CortexM33S
PC1.Signal=LPUART1_TX
PinOutPanel.RotationAngle=0
ProjectManager.AskForMigrate=true
ProjectManager.BackupPrevious=false
ProjectManager.CompilerOptimize=6
ProjectManager.ComputerToolchain=false
ProjectManager.CoupleFile=false
ProjectManager.CustomerFirmwarePackage=
ProjectManager.DefaultFWLocation=true
ProjectManager.DeletePrevious=true
ProjectManager.DeviceId=STM32L552ZETxQ
ProjectManager.FirmwarePackage=STM32Cube FW_L5 V1.4.0
ProjectManager.FreePins=false
ProjectManager.HalAssertFull=false
ProjectManager.HeapSize=M33S-0x200,M33NS-0x200
ProjectManager.KeepUserCode=true
ProjectManager.LastFirmware=true
ProjectManager.LibraryCopy=1
ProjectManager.MainLocation=Core/Src
ProjectManager.NoMain=false
ProjectManager.PreviousToolchain=
ProjectManager.ProjectBuild=false
ProjectManager.ProjectFileName=TRACES.ioc
ProjectManager.ProjectName=TRACES
ProjectManager.RegisterCallBack=
ProjectManager.StackSize=M33S-0x400,M33NS-0x400
ProjectManager.TargetToolchain=STM32CubeIDE
ProjectManager.ToolChainLocation=
ProjectManager.UnderRoot=true
ProjectManager.functionlistsort=1-SystemClock_Config-RCC-false-HAL-false-CortexM33S,2-MX_GPIO_Init-GPIO-false-HAL-true-CortexM33S,3-MX_GTZC_S_Init-GTZC_S-false-HAL-true-CortexM33S,4-MX_LPUART1_UART_Init-LPUART1-false-HAL-true-CortexM33S,5-MX_HASH_Init-HASH-false-HAL-true-CortexM33S,1-SystemClock_Config-RCC-false-HAL-false-CortexM33NS,2-MX_TIM1_Init-TIM1-false-HAL-true-CortexM33NS,0-MX_PWR_Init-PWR-false-HAL-true-CortexM33S,0-MX_PWR_Init-PWR-false-HAL-true-CortexM33NS
RCC.CRSFreq_Value=48000000
RCC.FDCANFreq_Value=16000000
RCC.FamilyName=M
RCC.HSE_VALUE=16000000
RCC.HSI48_VALUE=48000000
RCC.HSI_VALUE=16000000
RCC.IPParameters=CRSFreq_Value,FDCANFreq_Value,FamilyName,HSE_VALUE,HSI48_VALUE,HSI_VALUE,LSCOPinFreq_Value,LSE_VALUE,LSI_VALUE,MSI_VALUE,PLLPoutputFreq_Value,PLLQoutputFreq_Value,PLLRCLKFreq_Value,PLLSAI1PoutputFreq_Value,PLLSAI1QoutputFreq_Value,PLLSAI1RoutputFreq_Value,PLLSAI2PoutputFreq_Value,SAI1Freq_Value,SAI2Freq_Value,SDMMCFreq_Value,VCOInput2Freq_Value,VCOInput3Freq_Value,VCOInputFreq_Value,VCOOutputFreq_Value,VCOSAI1OutputFreq_Value,VCOSAI2OutputFreq_Value
RCC.LSCOPinFreq_Value=32000
RCC.LSE_VALUE=32768
RCC.LSI_VALUE=32000
RCC.MSI_VALUE=4000000
RCC.PLLPoutputFreq_Value=4571428.571428572
RCC.PLLQoutputFreq_Value=16000000
RCC.PLLRCLKFreq_Value=16000000
RCC.PLLSAI1PoutputFreq_Value=4571428.571428572
RCC.PLLSAI1QoutputFreq_Value=16000000
RCC.PLLSAI1RoutputFreq_Value=16000000
RCC.PLLSAI2PoutputFreq_Value=4571428.571428572
RCC.SAI1Freq_Value=4571428.571428572
RCC.SAI2Freq_Value=4571428.571428572
RCC.SDMMCFreq_Value=4571428.571428572
RCC.SecureElements=LPUART1Mult
RCC.VCOInput2Freq_Value=4000000
RCC.VCOInput3Freq_Value=4000000
RCC.VCOInputFreq_Value=4000000
RCC.VCOOutputFreq_Value=32000000
RCC.VCOSAI1OutputFreq_Value=32000000
RCC.VCOSAI2OutputFreq_Value=32000000
SYS.userName=SYS_NS
VP_GTZC_S_VS_GTZC_Enable.Mode=GTZC_Enable
VP_GTZC_S_VS_GTZC_Enable.Signal=GTZC_S_VS_GTZC_Enable
VP_HASH_VS_HASH.Mode=HASH_Activate
VP_HASH_VS_HASH.Signal=HASH_VS_HASH
VP_PWR_VS_DBSignals.Mode=DisableDeadBatterySignals
VP_PWR_VS_DBSignals.Signal=PWR_VS_DBSignals
VP_PWR_VS_SECSignals.Mode=Security/Privilege
VP_PWR_VS_SECSignals.Signal=PWR_VS_SECSignals
VP_SYS_S_VS_Systick.Mode=SysTick
VP_SYS_S_VS_Systick.Signal=SYS_S_VS_Systick
VP_SYS_VS_Systick.Mode=SysTick
VP_SYS_VS_Systick.Signal=SYS_VS_Systick
VP_TIM1_VS_ClockSourceINT.Mode=Internal
VP_TIM1_VS_ClockSourceINT.Signal=TIM1_VS_ClockSourceINT
VP_TIM3_VS_ClockSourceITR.Mode=TriggerSource_ITR0
VP_TIM3_VS_ClockSourceITR.Signal=TIM3_VS_ClockSourceITR
VP_TIM3_VS_ControllerModeClock.Mode=Clock Mode
VP_TIM3_VS_ControllerModeClock.Signal=TIM3_VS_ControllerModeClock
board=custom
isbadioc=false
